
Microsoft Visual Studio Solution File, Format Version 12.00
# 17
VisualStudioVersion = 17.8.34525.116
MinimumVisualStudioVersion = 10.0.40219.1
Project("{9A19103F-16F7-4668-BE54-9A1E7A4F7556}") = "ASP_DangKiThi", "ASP_DangKiThi\ASP_DangKiThi.csproj", "{588D2CE7-2EEF-4118-8F1F-FB0124AEB956}"
EndProject
Project("{2150E333-8FDC-42A3-9474-1A3956D46DE8}") = "Solution Items", "Solution Items", "{C176DAA9-CB34-4DBD-B454-6186F6F09810}"
	ProjectSection(SolutionItems) = preProject
		.editorconfig = .editorconfig
	EndProjectSection
EndProject
Global
	GlobalSection(SolutionConfigurationPlatforms) = preSolution
		Debug|Any CPU = Debug|Any CPU
		Release|Any CPU = Release|Any CPU
	EndGlobalSection
	GlobalSection(ProjectConfigurationPlatforms) = postSolution
		{588D2CE7-2EEF-4118-8F1F-FB0124AEB956}.Debug|Any CPU.ActiveCfg = Debug|Any CPU
		{588D2CE7-2EEF-4118-8F1F-FB0124AEB956}.Debug|Any CPU.Build.0 = Debug|Any CPU
		{588D2CE7-2EEF-4118-8F1F-FB0124AEB956}.Release|Any CPU.ActiveCfg = Release|Any CPU
		{588D2CE7-2EEF-4118-8F1F-FB0124AEB956}.Release|Any CPU.Build.0 = Release|Any CPU
	EndGlobalSection
	GlobalSection(SolutionProperties) = preSolution
		HideSolutionNode = FALSE
	EndGlobalSection
	GlobalSection(ExtensibilityGlobals) = postSolution
		SolutionGuid = {3CD27AD4-89AB-4206-9ECA-42E44B7B2681}
	EndGlobalSection
EndGlobal
